
Microsoft Visual Studio Solution File, Format Version 12.00
# Visual Studio 15
VisualStudioVersion = 15.0.27130.2010
MinimumVisualStudioVersion = 10.0.40219.1
Project("{6EC3EE1D-3C4E-46DD-8F32-0CC8E7565705}") = "PoloniexApi", "PoloniexApi\PoloniexApi.fsproj", "{B355AE92-88D1-401A-AB03-4A16053231AC}"
EndProject
Global
	GlobalSection(SolutionConfigurationPlatforms) = preSolution
		Debug|Any CPU = Debug|Any CPU
		Release|Any CPU = Release|Any CPU
	EndGlobalSection
	GlobalSection(ProjectConfigurationPlatforms) = postSolution
		{B355AE92-88D1-401A-AB03-4A16053231AC}.Debug|Any CPU.ActiveCfg = Debug|Any CPU
		{B355AE92-88D1-401A-AB03-4A16053231AC}.Debug|Any CPU.Build.0 = Debug|Any CPU
		{B355AE92-88D1-401A-AB03-4A16053231AC}.Release|Any CPU.ActiveCfg = Release|Any CPU
		{B355AE92-88D1-401A-AB03-4A16053231AC}.Release|Any CPU.Build.0 = Release|Any CPU
	EndGlobalSection
	GlobalSection(SolutionProperties) = preSolution
		HideSolutionNode = FALSE
	EndGlobalSection
	GlobalSection(ExtensibilityGlobals) = postSolution
		SolutionGuid = {F4DFA98A-0C85-4C47-9D93-63DDAD5E74F0}
	EndGlobalSection
EndGlobal
